Microsoft Visual Studio Solution File, Format Version 12.00
# Visual Studio Version 17
VisualStudioVersion = 17.5.2.0
MinimumVisualStudioVersion = 10.0.40219.1
Project("{FAE04EC0-301F-11D3-BF4B-00C04F79EFBC}") = "BuildFromStorage", "Source\BuildFromStorage.csproj", "{F858C2B9-ED4D-9B2F-2499-FDAFE3DCCCF8}"
EndProject
Global
	GlobalSection(SolutionConfigurationPlatforms) = preSolution
		Debug|Any CPU = Debug|Any CPU
		Release|Any CPU = Release|Any CPU
	EndGlobalSection
	GlobalSection(ProjectConfigurationPlatforms) = postSolution
		{F858C2B9-ED4D-9B2F-2499-FDAFE3DCCCF8}.Debug|Any CPU.ActiveCfg = Debug|Any CPU
		{F858C2B9-ED4D-9B2F-2499-FDAFE3DCCCF8}.Debug|Any CPU.Build.0 = Debug|Any CPU
		{F858C2B9-ED4D-9B2F-2499-FDAFE3DCCCF8}.Release|Any CPU.ActiveCfg = Release|Any CPU
		{F858C2B9-ED4D-9B2F-2499-FDAFE3DCCCF8}.Release|Any CPU.Build.0 = Release|Any CPU
	EndGlobalSection
	GlobalSection(SolutionProperties) = preSolution
		HideSolutionNode = FALSE
	EndGlobalSection
	GlobalSection(ExtensibilityGlobals) = postSolution
		SolutionGuid = {525A3B99-5404-4641-BDBE-200FC68CE299}
	EndGlobalSection
EndGlobal
